// !$*UTF8*$!
{
	archiveVersion = 1;
	classes = {
	};
	objectVersion = 77;
	objects = {

/* Begin PBXBuildFile section */
		01CE98F4FCB7026CF60E0744 /* TerminalPrefs.swift in Sources */ = {isa = PBXBuildFile; fileRef = 1621ED87636A9ED661051FFE /* TerminalPrefs.swift */; };
		064F6B18D47591C6F8B8D9D0 /* DaemonPoller.swift in Sources */ = {isa = PBXBuildFile; fileRef = 2C6200092D4D21F2BB040D2A /* DaemonPoller.swift */; };
		1A4DF695AB0229E7D445A48A /* main.swift in Sources */ = {isa = PBXBuildFile; fileRef = 3ADD16A5C6AADA495B3C279A /* main.swift */; };
		1D448336142D0DABA8D8D0A8 /* SidebarHost.swift in Sources */ = {isa = PBXBuildFile; fileRef = 21F9A16ACB41B05219BCFCA5 /* SidebarHost.swift */; };
		A1C0FFEE0000000000000003 /* UsageFooter.swift in Sources */ = {isa = PBXBuildFile; fileRef = A1C0FFEE0000000000000004 /* UsageFooter.swift */; };
		1DB5C2ADB8A13CF62A60771D /* TerminalText.swift in Sources */ = {isa = PBXBuildFile; fileRef = 0B045B3D1F2B2D78B7D298AB /* TerminalText.swift */; };
		301FC7FCBC5FCEE57D947FFA /* Daemon.swift in Sources */ = {isa = PBXBuildFile; fileRef = 5B1FC2433A269BA7AA8510FD /* Daemon.swift */; };
		37E566353DB718B0FE901831 /* WorkspaceSidebar.swift in Sources */ = {isa = PBXBuildFile; fileRef = 05581E4C489CBFCB9EE0FC63 /* WorkspaceSidebar.swift */; };
		38DFD5E48BF89D0DFF2D3606 /* TabContentContainer.swift in Sources */ = {isa = PBXBuildFile; fileRef = 1FDC62FD5F9E5BB0275F688A /* TabContentContainer.swift */; };
		395692A2EBB054F85205F0CB /* Zoxide.swift in Sources */ = {isa = PBXBuildFile; fileRef = 02DE3503066299BDBBF6E5E8 /* Zoxide.swift */; };
		B2D0FFEE0000000000000001 /* Worktrees.swift in Sources */ = {isa = PBXBuildFile; fileRef = B2D0FFEE0000000000000002 /* Worktrees.swift */; };
		42C317891120DD2DE4CC07E0 /* MainWindowController.swift in Sources */ = {isa = PBXBuildFile; fileRef = 39D911C7DB5BAD50525CD8D4 /* MainWindowController.swift */; };
		43B96FF24E38E0F3B1F6D06A /* TabEntity.swift in Sources */ = {isa = PBXBuildFile; fileRef = 5461D3D1159F36613F895FA2 /* TabEntity.swift */; };
		455019EEBA12AFF62782ABC6 /* Session.swift in Sources */ = {isa = PBXBuildFile; fileRef = A62F12BE65464B5D829B95B5 /* Session.swift */; };
		4A2967F994700E628ED8287E /* WorkspaceEntity.swift in Sources */ = {isa = PBXBuildFile; fileRef = 455B3F87550E85E26FFD249F /* WorkspaceEntity.swift */; };
		6F431B737F8BD1938D1B0FF2 /* Trace.swift in Sources */ = {isa = PBXBuildFile; fileRef = D4662B67EB8646DBFEB7245F /* Trace.swift */; };
		6F5D18F3C86797CC64FB6C14 /* PickerView.swift in Sources */ = {isa = PBXBuildFile; fileRef = 84B8EF3EABE63EB3AD2EC738 /* PickerView.swift */; };
		833915A3B32536A749A3ED62 /* GhosttyKit.xcframework in Frameworks */ = {isa = PBXBuildFile; fileRef = 1493E76B2245010775C7CC76 /* GhosttyKit.xcframework */; };
		84C8CA80F395C374233C7CA3 /* KeepWindow.swift in Sources */ = {isa = PBXBuildFile; fileRef = 26C7493E188242FF1E50B5D4 /* KeepWindow.swift */; };
		B04424C572755CE4309A1FE1 /* SurfacePool.swift in Sources */ = {isa = PBXBuildFile; fileRef = 90248BC4509FC2E08EB2D118 /* SurfacePool.swift */; };
		B59464F3438BD1075E780F68 /* TabStripView.swift in Sources */ = {isa = PBXBuildFile; fileRef = 3519A6ACCC0D876A65383EF4 /* TabStripView.swift */; };
		BBDAF22F8DA5789B5C594CA3 /* QuickTerminal.swift in Sources */ = {isa = PBXBuildFile; fileRef = B6571C8EA2DC4DE2201268BA /* QuickTerminal.swift */; };
		E8B4A1D30F5C6B7A89D2E3F4 /* DroppedFiles.swift in Sources */ = {isa = PBXBuildFile; fileRef = D7A3F0C21E4B5A6978C1D2E3 /* DroppedFiles.swift */; };
		C14A34D9BAC90E62DE4B0FBD /* SurfaceView.swift in Sources */ = {isa = PBXBuildFile; fileRef = 9C981DAB120BC0DE6416E716 /* SurfaceView.swift */; };
		D10C70635824F4B9A739338F /* SidebarStateStore.swift in Sources */ = {isa = PBXBuildFile; fileRef = B52FB855ABF4E5D3B625D009 /* SidebarStateStore.swift */; };
		E356BA1857859AE5D2018AFA /* Glass.swift in Sources */ = {isa = PBXBuildFile; fileRef = 3ADE1AE5D8DAF64D7C40B063 /* Glass.swift */; };
		EB832312EF01355D4678683C /* GhosttyApp.swift in Sources */ = {isa = PBXBuildFile; fileRef = 135A8576CC41EE22386C8C4D /* GhosttyApp.swift */; };
		F320A7F6CECB057B2CB6333F /* Snapshots.swift in Sources */ = {isa = PBXBuildFile; fileRef = 409F4278222CDF7A60BB0BC8 /* Snapshots.swift */; };
		A1C0FFEE0000000000000001 /* AIUsage.swift in Sources */ = {isa = PBXBuildFile; fileRef = A1C0FFEE0000000000000002 /* AIUsage.swift */; };
		C3E0FFEE0000000000000003 /* ExternalHelper.swift in Sources */ = {isa = PBXBuildFile; fileRef = C3E0FFEE0000000000000004 /* ExternalHelper.swift */; };
		C3E0FFEE0000000000000005 /* AccountMenu.swift in Sources */ = {isa = PBXBuildFile; fileRef = C3E0FFEE0000000000000006 /* AccountMenu.swift */; };
		FCEBE0A215CA639F0322FF20 /* PickerActions.swift in Sources */ = {isa = PBXBuildFile; fileRef = D71D0DA44EC6DD5C261D1F8A /* PickerActions.swift */; };
/* End PBXBuildFile section */

/* Begin PBXFileReference section */
		02DE3503066299BDBBF6E5E8 /* Zoxide.swift */ = {isa = PBXFileReference; lastKnownFileType = sourcecode.swift; path = Zoxide.swift; sourceTree = "<group>"; };
		B2D0FFEE0000000000000002 /* Worktrees.swift */ = {isa = PBXFileReference; lastKnownFileType = sourcecode.swift; path = Worktrees.swift; sourceTree = "<group>"; };
		05581E4C489CBFCB9EE0FC63 /* WorkspaceSidebar.swift */ = {isa = PBXFileReference; lastKnownFileType = sourcecode.swift; path = WorkspaceSidebar.swift; sourceTree = "<group>"; };
		0B045B3D1F2B2D78B7D298AB /* TerminalText.swift */ = {isa = PBXFileReference; lastKnownFileType = sourcecode.swift; path = TerminalText.swift; sourceTree = "<group>"; };
		135A8576CC41EE22386C8C4D /* GhosttyApp.swift */ = {isa = PBXFileReference; lastKnownFileType = sourcecode.swift; path = GhosttyApp.swift; sourceTree = "<group>"; };
		1493E76B2245010775C7CC76 /* GhosttyKit.xcframework */ = {isa = PBXFileReference; lastKnownFileType = wrapper.xcframework; name = GhosttyKit.xcframework; path = ../../vendor/GhosttyKit.xcframework; sourceTree = "<group>"; };
		1621ED87636A9ED661051FFE /* TerminalPrefs.swift */ = {isa = PBXFileReference; lastKnownFileType = sourcecode.swift; path = TerminalPrefs.swift; sourceTree = "<group>"; };
		1FDC62FD5F9E5BB0275F688A /* TabContentContainer.swift */ = {isa = PBXFileReference; lastKnownFileType = sourcecode.swift; path = TabContentContainer.swift; sourceTree = "<group>"; };
		21F9A16ACB41B05219BCFCA5 /* SidebarHost.swift */ = {isa = PBXFileReference; lastKnownFileType = sourcecode.swift; path = SidebarHost.swift; sourceTree = "<group>"; };
		A1C0FFEE0000000000000004 /* UsageFooter.swift */ = {isa = PBXFileReference; lastKnownFileType = sourcecode.swift; path = UsageFooter.swift; sourceTree = "<group>"; };
		26C7493E188242FF1E50B5D4 /* KeepWindow.swift */ = {isa = PBXFileReference; lastKnownFileType = sourcecode.swift; path = KeepWindow.swift; sourceTree = "<group>"; };
		2C6200092D4D21F2BB040D2A /* DaemonPoller.swift */ = {isa = PBXFileReference; lastKnownFileType = sourcecode.swift; path = DaemonPoller.swift; sourceTree = "<group>"; };
		3519A6ACCC0D876A65383EF4 /* TabStripView.swift */ = {isa = PBXFileReference; lastKnownFileType = sourcecode.swift; path = TabStripView.swift; sourceTree = "<group>"; };
		39D911C7DB5BAD50525CD8D4 /* MainWindowController.swift */ = {isa = PBXFileReference; lastKnownFileType = sourcecode.swift; path = MainWindowController.swift; sourceTree = "<group>"; };
		3ADD16A5C6AADA495B3C279A /* main.swift */ = {isa = PBXFileReference; lastKnownFileType = sourcecode.swift; path = main.swift; sourceTree = "<group>"; };
		3ADE1AE5D8DAF64D7C40B063 /* Glass.swift */ = {isa = PBXFileReference; lastKnownFileType = sourcecode.swift; path = Glass.swift; sourceTree = "<group>"; };
		409F4278222CDF7A60BB0BC8 /* Snapshots.swift */ = {isa = PBXFileReference; lastKnownFileType = sourcecode.swift; path = Snapshots.swift; sourceTree = "<group>"; };
		A1C0FFEE0000000000000002 /* AIUsage.swift */ = {isa = PBXFileReference; lastKnownFileType = sourcecode.swift; path = AIUsage.swift; sourceTree = "<group>"; };
		C3E0FFEE0000000000000004 /* ExternalHelper.swift */ = {isa = PBXFileReference; lastKnownFileType = sourcecode.swift; path = ExternalHelper.swift; sourceTree = "<group>"; };
		C3E0FFEE0000000000000006 /* AccountMenu.swift */ = {isa = PBXFileReference; lastKnownFileType = sourcecode.swift; path = AccountMenu.swift; sourceTree = "<group>"; };
		455B3F87550E85E26FFD249F /* WorkspaceEntity.swift */ = {isa = PBXFileReference; lastKnownFileType = sourcecode.swift; path = WorkspaceEntity.swift; sourceTree = "<group>"; };
		5461D3D1159F36613F895FA2 /* TabEntity.swift */ = {isa = PBXFileReference; lastKnownFileType = sourcecode.swift; path = TabEntity.swift; sourceTree = "<group>"; };
		5B1FC2433A269BA7AA8510FD /* Daemon.swift */ = {isa = PBXFileReference; lastKnownFileType = sourcecode.swift; path = Daemon.swift; sourceTree = "<group>"; };
		84B8EF3EABE63EB3AD2EC738 /* PickerView.swift */ = {isa = PBXFileReference; lastKnownFileType = sourcecode.swift; path = PickerView.swift; sourceTree = "<group>"; };
		D7A3F0C21E4B5A6978C1D2E3 /* DroppedFiles.swift */ = {isa = PBXFileReference; lastKnownFileType = sourcecode.swift; path = DroppedFiles.swift; sourceTree = "<group>"; };
		90248BC4509FC2E08EB2D118 /* SurfacePool.swift */ = {isa = PBXFileReference; lastKnownFileType = sourcecode.swift; path = SurfacePool.swift; sourceTree = "<group>"; };
		9C981DAB120BC0DE6416E716 /* SurfaceView.swift */ = {isa = PBXFileReference; lastKnownFileType = sourcecode.swift; path = SurfaceView.swift; sourceTree = "<group>"; };
		A62F12BE65464B5D829B95B5 /* Session.swift */ = {isa = PBXFileReference; lastKnownFileType = sourcecode.swift; path = Session.swift; sourceTree = "<group>"; };
		B52FB855ABF4E5D3B625D009 /* SidebarStateStore.swift */ = {isa = PBXFileReference; lastKnownFileType = sourcecode.swift; path = SidebarStateStore.swift; sourceTree = "<group>"; };
		B6571C8EA2DC4DE2201268BA /* QuickTerminal.swift */ = {isa = PBXFileReference; lastKnownFileType = sourcecode.swift; path = QuickTerminal.swift; sourceTree = "<group>"; };
		D4662B67EB8646DBFEB7245F /* Trace.swift */ = {isa = PBXFileReference; lastKnownFileType = sourcecode.swift; path = Trace.swift; sourceTree = "<group>"; };
		D71D0DA44EC6DD5C261D1F8A /* PickerActions.swift */ = {isa = PBXFileReference; lastKnownFileType = sourcecode.swift; path = PickerActions.swift; sourceTree = "<group>"; };
		FEB4BBC629ECFAF569DEF4E7 /* Keep.app */ = {isa = PBXFileReference; explicitFileType = wrapper.application; includeInIndex = 0; path = Keep.app; sourceTree = BUILT_PRODUCTS_DIR; };
/* End PBXFileReference section */

/* Begin PBXFrameworksBuildPhase section */
		E967DAD75FB0BC74068320D5 /* Frameworks */ = {
			isa = PBXFrameworksBuildPhase;
			buildActionMask = 2147483647;
			files = (
				833915A3B32536A749A3ED62 /* GhosttyKit.xcframework in Frameworks */,
			);
			runOnlyForDeploymentPostprocessing = 0;
		};
/* End PBXFrameworksBuildPhase section */

/* Begin PBXGroup section */
		20CCBC17588E4BAED02222B7 /* Sources */ = {
			isa = PBXGroup;
			children = (
				E39CC0D0744BBACF19F6A1B8 /* Keep */,
			);
			path = Sources;
			sourceTree = "<group>";
		};
		3D0A83E5CE5866A8F4100561 /* UI */ = {
			isa = PBXGroup;
			children = (
				3ADE1AE5D8DAF64D7C40B063 /* Glass.swift */,
				26C7493E188242FF1E50B5D4 /* KeepWindow.swift */,
				39D911C7DB5BAD50525CD8D4 /* MainWindowController.swift */,
				D71D0DA44EC6DD5C261D1F8A /* PickerActions.swift */,
				84B8EF3EABE63EB3AD2EC738 /* PickerView.swift */,
				B6571C8EA2DC4DE2201268BA /* QuickTerminal.swift */,
				21F9A16ACB41B05219BCFCA5 /* SidebarHost.swift */,
				A1C0FFEE0000000000000004 /* UsageFooter.swift */,
				C3E0FFEE0000000000000006 /* AccountMenu.swift */,
				1FDC62FD5F9E5BB0275F688A /* TabContentContainer.swift */,
				3519A6ACCC0D876A65383EF4 /* TabStripView.swift */,
				0B045B3D1F2B2D78B7D298AB /* TerminalText.swift */,
				05581E4C489CBFCB9EE0FC63 /* WorkspaceSidebar.swift */,
			);
			path = UI;
			sourceTree = "<group>";
		};
		5FB2CAC9A44881779FC50900 /* Products */ = {
			isa = PBXGroup;
			children = (
				FEB4BBC629ECFAF569DEF4E7 /* Keep.app */,
			);
			name = Products;
			sourceTree = "<group>";
		};
		6433A10BBAD955011B6F006C /* Model */ = {
			isa = PBXGroup;
			children = (
				A62F12BE65464B5D829B95B5 /* Session.swift */,
				B52FB855ABF4E5D3B625D009 /* SidebarStateStore.swift */,
				409F4278222CDF7A60BB0BC8 /* Snapshots.swift */,
				A1C0FFEE0000000000000002 /* AIUsage.swift */,
				5461D3D1159F36613F895FA2 /* TabEntity.swift */,
				1621ED87636A9ED661051FFE /* TerminalPrefs.swift */,
				455B3F87550E85E26FFD249F /* WorkspaceEntity.swift */,
			);
			path = Model;
			sourceTree = "<group>";
		};
		9E63B16A4606FBB3330E6313 = {
			isa = PBXGroup;
			children = (
				20CCBC17588E4BAED02222B7 /* Sources */,
				F244904A53FD9CA6BC3F2082 /* Frameworks */,
				5FB2CAC9A44881779FC50900 /* Products */,
			);
			sourceTree = "<group>";
		};
		A43433BDC72B6E09DEC0ED12 /* Daemon */ = {
			isa = PBXGroup;
			children = (
				5B1FC2433A269BA7AA8510FD /* Daemon.swift */,
				2C6200092D4D21F2BB040D2A /* DaemonPoller.swift */,
				02DE3503066299BDBBF6E5E8 /* Zoxide.swift */,
				B2D0FFEE0000000000000002 /* Worktrees.swift */,
				C3E0FFEE0000000000000004 /* ExternalHelper.swift */,
			);
			path = Daemon;
			sourceTree = "<group>";
		};
		E39CC0D0744BBACF19F6A1B8 /* Keep */ = {
			isa = PBXGroup;
			children = (
				3ADD16A5C6AADA495B3C279A /* main.swift */,
				A43433BDC72B6E09DEC0ED12 /* Daemon */,
				FFFCBC3ACDB8BBFD17E2945D /* Display */,
				6433A10BBAD955011B6F006C /* Model */,
				F6843CB52B2273E60DBEED95 /* Support */,
				3D0A83E5CE5866A8F4100561 /* UI */,
			);
			path = Keep;
			sourceTree = "<group>";
		};
		F244904A53FD9CA6BC3F2082 /* Frameworks */ = {
			isa = PBXGroup;
			children = (
				1493E76B2245010775C7CC76 /* GhosttyKit.xcframework */,
			);
			name = Frameworks;
			sourceTree = "<group>";
		};
		F6843CB52B2273E60DBEED95 /* Support */ = {
			isa = PBXGroup;
			children = (
				D4662B67EB8646DBFEB7245F /* Trace.swift */,
			);
			path = Support;
			sourceTree = "<group>";
		};
		FFFCBC3ACDB8BBFD17E2945D /* Display */ = {
			isa = PBXGroup;
			children = (
				D7A3F0C21E4B5A6978C1D2E3 /* DroppedFiles.swift */,
				135A8576CC41EE22386C8C4D /* GhosttyApp.swift */,
				90248BC4509FC2E08EB2D118 /* SurfacePool.swift */,
				9C981DAB120BC0DE6416E716 /* SurfaceView.swift */,
			);
			path = Display;
			sourceTree = "<group>";
		};
/* End PBXGroup section */

/* Begin PBXNativeTarget section */
		2FF9365ADA1905EBF33BEDC4 /* Keep */ = {
			isa = PBXNativeTarget;
			buildConfigurationList = 8D28C4A7A06763E86D598A37 /* Build configuration list for PBXNativeTarget "Keep" */;
			buildPhases = (
				CAA780A63611913D145E4D05 /* Sources */,
				E967DAD75FB0BC74068320D5 /* Frameworks */,
			);
			buildRules = (
			);
			dependencies = (
			);
			name = Keep;
			packageProductDependencies = (
			);
			productName = Keep;
			productReference = FEB4BBC629ECFAF569DEF4E7 /* Keep.app */;
			productType = "com.apple.product-type.application";
		};
/* End PBXNativeTarget section */

/* Begin PBXProject section */
		D83C58DB87596131E35C5C7D /* Project object */ = {
			isa = PBXProject;
			attributes = {
				BuildIndependentTargetsInParallel = YES;
				LastUpgradeCheck = 1430;
				TargetAttributes = {
				};
			};
			buildConfigurationList = A2FBEDFBF5995B48489510A5 /* Build configuration list for PBXProject "Keep" */;
			developmentRegion = en;
			hasScannedForEncodings = 0;
			knownRegions = (
				Base,
				en,
			);
			mainGroup = 9E63B16A4606FBB3330E6313;
			minimizedProjectReferenceProxies = 1;
			preferredProjectObjectVersion = 77;
			productRefGroup = 5FB2CAC9A44881779FC50900 /* Products */;
			projectDirPath = "";
			projectRoot = "";
			targets = (
				2FF9365ADA1905EBF33BEDC4 /* Keep */,
			);
		};
/* End PBXProject section */

/* Begin PBXSourcesBuildPhase section */
		CAA780A63611913D145E4D05 /* Sources */ = {
			isa = PBXSourcesBuildPhase;
			buildActionMask = 2147483647;
			files = (
				301FC7FCBC5FCEE57D947FFA /* Daemon.swift in Sources */,
				064F6B18D47591C6F8B8D9D0 /* DaemonPoller.swift in Sources */,
				EB832312EF01355D4678683C /* GhosttyApp.swift in Sources */,
				E356BA1857859AE5D2018AFA /* Glass.swift in Sources */,
				84C8CA80F395C374233C7CA3 /* KeepWindow.swift in Sources */,
				42C317891120DD2DE4CC07E0 /* MainWindowController.swift in Sources */,
				FCEBE0A215CA639F0322FF20 /* PickerActions.swift in Sources */,
				6F5D18F3C86797CC64FB6C14 /* PickerView.swift in Sources */,
				BBDAF22F8DA5789B5C594CA3 /* QuickTerminal.swift in Sources */,
				455019EEBA12AFF62782ABC6 /* Session.swift in Sources */,
				1D448336142D0DABA8D8D0A8 /* SidebarHost.swift in Sources */,
				A1C0FFEE0000000000000003 /* UsageFooter.swift in Sources */,
				D10C70635824F4B9A739338F /* SidebarStateStore.swift in Sources */,
				F320A7F6CECB057B2CB6333F /* Snapshots.swift in Sources */,
				A1C0FFEE0000000000000001 /* AIUsage.swift in Sources */,
				C3E0FFEE0000000000000003 /* ExternalHelper.swift in Sources */,
				C3E0FFEE0000000000000005 /* AccountMenu.swift in Sources */,
				E8B4A1D30F5C6B7A89D2E3F4 /* DroppedFiles.swift in Sources */,
				B04424C572755CE4309A1FE1 /* SurfacePool.swift in Sources */,
				C14A34D9BAC90E62DE4B0FBD /* SurfaceView.swift in Sources */,
				38DFD5E48BF89D0DFF2D3606 /* TabContentContainer.swift in Sources */,
				43B96FF24E38E0F3B1F6D06A /* TabEntity.swift in Sources */,
				B59464F3438BD1075E780F68 /* TabStripView.swift in Sources */,
				01CE98F4FCB7026CF60E0744 /* TerminalPrefs.swift in Sources */,
				1DB5C2ADB8A13CF62A60771D /* TerminalText.swift in Sources */,
				6F431B737F8BD1938D1B0FF2 /* Trace.swift in Sources */,
				4A2967F994700E628ED8287E /* WorkspaceEntity.swift in Sources */,
				37E566353DB718B0FE901831 /* WorkspaceSidebar.swift in Sources */,
				395692A2EBB054F85205F0CB /* Zoxide.swift in Sources */,
				B2D0FFEE0000000000000001 /* Worktrees.swift in Sources */,
				1A4DF695AB0229E7D445A48A /* main.swift in Sources */,
			);
			runOnlyForDeploymentPostprocessing = 0;
		};
/* End PBXSourcesBuildPhase section */

/* Begin XCBuildConfiguration section */
		099B229269F19CF1B4E89FC8 /* Release */ = {
			isa = XCBuildConfiguration;
			buildSettings = {
				ALWAYS_SEARCH_USER_PATHS = NO;
				CLANG_ANALYZER_NONNULL = YES;
				CLANG_ANALYZER_NUMBER_OBJECT_CONVERSION = YES_AGGRESSIVE;
				CLANG_CXX_LANGUAGE_STANDARD = "gnu++14";
				CLANG_CXX_LIBRARY = "libc++";
				CLANG_ENABLE_MODULES = YES;
				CLANG_ENABLE_OBJC_ARC = YES;
				CLANG_ENABLE_OBJC_WEAK = YES;
				CLANG_WARN_BLOCK_CAPTURE_AUTORELEASING = YES;
				CLANG_WARN_BOOL_CONVERSION = YES;
				CLANG_WARN_COMMA = YES;
				CLANG_WARN_CONSTANT_CONVERSION = YES;
				CLANG_WARN_DEPRECATED_OBJC_IMPLEMENTATIONS = YES;
				CLANG_WARN_DIRECT_OBJC_ISA_USAGE = YES_ERROR;
				CLANG_WARN_DOCUMENTATION_COMMENTS = YES;
				CLANG_WARN_EMPTY_BODY = YES;
				CLANG_WARN_ENUM_CONVERSION = YES;
				CLANG_WARN_INFINITE_RECURSION = YES;
				CLANG_WARN_INT_CONVERSION = YES;
				CLANG_WARN_NON_LITERAL_NULL_CONVERSION = YES;
				CLANG_WARN_OBJC_IMPLICIT_RETAIN_SELF = YES;
				CLANG_WARN_OBJC_LITERAL_CONVERSION = YES;
				CLANG_WARN_OBJC_ROOT_CLASS = YES_ERROR;
				CLANG_WARN_QUOTED_INCLUDE_IN_FRAMEWORK_HEADER = YES;
				CLANG_WARN_RANGE_LOOP_ANALYSIS = YES;
				CLANG_WARN_STRICT_PROTOTYPES = YES;
				CLANG_WARN_SUSPICIOUS_MOVE = YES;
				CLANG_WARN_UNGUARDED_AVAILABILITY = YES_AGGRESSIVE;
				CLANG_WARN_UNREACHABLE_CODE = YES;
				CLANG_WARN__DUPLICATE_METHOD_MATCH = YES;
				COPY_PHASE_STRIP = NO;
				DEBUG_INFORMATION_FORMAT = "dwarf-with-dsym";
				ENABLE_NS_ASSERTIONS = NO;
				ENABLE_STRICT_OBJC_MSGSEND = YES;
				GCC_C_LANGUAGE_STANDARD = gnu11;
				GCC_NO_COMMON_BLOCKS = YES;
				GCC_WARN_64_TO_32_BIT_CONVERSION = YES;
				GCC_WARN_ABOUT_RETURN_TYPE = YES_ERROR;
				GCC_WARN_UNDECLARED_SELECTOR = YES;
				GCC_WARN_UNINITIALIZED_AUTOS = YES_AGGRESSIVE;
				GCC_WARN_UNUSED_FUNCTION = YES;
				GCC_WARN_UNUSED_VARIABLE = YES;
				MACOSX_DEPLOYMENT_TARGET = 14.0;
				MTL_ENABLE_DEBUG_INFO = NO;
				MTL_FAST_MATH = YES;
				PRODUCT_NAME = "$(TARGET_NAME)";
				SDKROOT = macosx;
				SWIFT_COMPILATION_MODE = wholemodule;
				SWIFT_OPTIMIZATION_LEVEL = "-O";
				SWIFT_VERSION = 5.0;
			};
			name = Release;
		};
		2023A08AA43BFCDFFA4D88A5 /* Debug */ = {
			isa = XCBuildConfiguration;
			buildSettings = {
				ALWAYS_SEARCH_USER_PATHS = NO;
				CLANG_ANALYZER_NONNULL = YES;
				CLANG_ANALYZER_NUMBER_OBJECT_CONVERSION = YES_AGGRESSIVE;
				CLANG_CXX_LANGUAGE_STANDARD = "gnu++14";
				CLANG_CXX_LIBRARY = "libc++";
				CLANG_ENABLE_MODULES = YES;
				CLANG_ENABLE_OBJC_ARC = YES;
				CLANG_ENABLE_OBJC_WEAK = YES;
				CLANG_WARN_BLOCK_CAPTURE_AUTORELEASING = YES;
				CLANG_WARN_BOOL_CONVERSION = YES;
				CLANG_WARN_COMMA = YES;
				CLANG_WARN_CONSTANT_CONVERSION = YES;
				CLANG_WARN_DEPRECATED_OBJC_IMPLEMENTATIONS = YES;
				CLANG_WARN_DIRECT_OBJC_ISA_USAGE = YES_ERROR;
				CLANG_WARN_DOCUMENTATION_COMMENTS = YES;
				CLANG_WARN_EMPTY_BODY = YES;
				CLANG_WARN_ENUM_CONVERSION = YES;
				CLANG_WARN_INFINITE_RECURSION = YES;
				CLANG_WARN_INT_CONVERSION = YES;
				CLANG_WARN_NON_LITERAL_NULL_CONVERSION = YES;
				CLANG_WARN_OBJC_IMPLICIT_RETAIN_SELF = YES;
				CLANG_WARN_OBJC_LITERAL_CONVERSION = YES;
				CLANG_WARN_OBJC_ROOT_CLASS = YES_ERROR;
				CLANG_WARN_QUOTED_INCLUDE_IN_FRAMEWORK_HEADER = YES;
				CLANG_WARN_RANGE_LOOP_ANALYSIS = YES;
				CLANG_WARN_STRICT_PROTOTYPES = YES;
				CLANG_WARN_SUSPICIOUS_MOVE = YES;
				CLANG_WARN_UNGUARDED_AVAILABILITY = YES_AGGRESSIVE;
				CLANG_WARN_UNREACHABLE_CODE = YES;
				CLANG_WARN__DUPLICATE_METHOD_MATCH = YES;
				COPY_PHASE_STRIP = NO;
				DEBUG_INFORMATION_FORMAT = dwarf;
				ENABLE_STRICT_OBJC_MSGSEND = YES;
				ENABLE_TESTABILITY = YES;
				GCC_C_LANGUAGE_STANDARD = gnu11;
				GCC_DYNAMIC_NO_PIC = NO;
				GCC_NO_COMMON_BLOCKS = YES;
				GCC_OPTIMIZATION_LEVEL = 0;
				GCC_PREPROCESSOR_DEFINITIONS = (
					"$(inherited)",
					"DEBUG=1",
				);
				GCC_WARN_64_TO_32_BIT_CONVERSION = YES;
				GCC_WARN_ABOUT_RETURN_TYPE = YES_ERROR;
				GCC_WARN_UNDECLARED_SELECTOR = YES;
				GCC_WARN_UNINITIALIZED_AUTOS = YES_AGGRESSIVE;
				GCC_WARN_UNUSED_FUNCTION = YES;
				GCC_WARN_UNUSED_VARIABLE = YES;
				MACOSX_DEPLOYMENT_TARGET = 14.0;
				MTL_ENABLE_DEBUG_INFO = INCLUDE_SOURCE;
				MTL_FAST_MATH = YES;
				ONLY_ACTIVE_ARCH = YES;
				PRODUCT_NAME = "$(TARGET_NAME)";
				SDKROOT = macosx;
				SWIFT_ACTIVE_COMPILATION_CONDITIONS = DEBUG;
				SWIFT_OPTIMIZATION_LEVEL = "-Onone";
				SWIFT_VERSION = 5.0;
			};
			name = Debug;
		};
		2E690FDDD94F7E0FA3B9265A /* Release */ = {
			isa = XCBuildConfiguration;
			buildSettings = {
				ASSETCATALOG_COMPILER_APPICON_NAME = AppIcon;
				CODE_SIGNING_ALLOWED = YES;
				CODE_SIGN_IDENTITY = "-";
				COMBINE_HIDPI_IMAGES = YES;
				ENABLE_HARDENED_RUNTIME = YES;
				FRAMEWORK_SEARCH_PATHS = (
					"$(inherited)",
					"\"../../vendor\"",
				);
				GENERATE_INFOPLIST_FILE = YES;
				INFOPLIST_KEY_NSHumanReadableCopyright = "";
				LD_RUNPATH_SEARCH_PATHS = (
					"$(inherited)",
					"@executable_path/../Frameworks",
				);
				MACOSX_DEPLOYMENT_TARGET = 14.0;
				OTHER_LDFLAGS = "-lc++ -framework Carbon -framework Metal -framework MetalKit -framework CoreText -framework CoreGraphics -framework QuartzCore -framework IOSurface -framework UniformTypeIdentifiers -framework Cocoa -framework CoreVideo";
				PRODUCT_BUNDLE_IDENTIFIER = dev.luhw.keep;
				SDKROOT = macosx;
				SWIFT_VERSION = 5.0;
			};
			name = Release;
		};
		50DD90666812B2AB4E5720E8 /* Debug */ = {
			isa = XCBuildConfiguration;
			buildSettings = {
				ASSETCATALOG_COMPILER_APPICON_NAME = AppIcon;
				CODE_SIGNING_ALLOWED = YES;
				CODE_SIGN_IDENTITY = "-";
				COMBINE_HIDPI_IMAGES = YES;
				ENABLE_HARDENED_RUNTIME = YES;
				FRAMEWORK_SEARCH_PATHS = (
					"$(inherited)",
					"\"../../vendor\"",
				);
				GENERATE_INFOPLIST_FILE = YES;
				INFOPLIST_KEY_NSHumanReadableCopyright = "";
				LD_RUNPATH_SEARCH_PATHS = (
					"$(inherited)",
					"@executable_path/../Frameworks",
				);
				MACOSX_DEPLOYMENT_TARGET = 14.0;
				OTHER_LDFLAGS = "-lc++ -framework Carbon -framework Metal -framework MetalKit -framework CoreText -framework CoreGraphics -framework QuartzCore -framework IOSurface -framework UniformTypeIdentifiers -framework Cocoa -framework CoreVideo";
				PRODUCT_BUNDLE_IDENTIFIER = dev.luhw.keep;
				SDKROOT = macosx;
				SWIFT_VERSION = 5.0;
			};
			name = Debug;
		};
/* End XCBuildConfiguration section */

/* Begin XCConfigurationList section */
		8D28C4A7A06763E86D598A37 /* Build configuration list for PBXNativeTarget "Keep" */ = {
			isa = XCConfigurationList;
			buildConfigurations = (
				50DD90666812B2AB4E5720E8 /* Debug */,
				2E690FDDD94F7E0FA3B9265A /* Release */,
			);
			defaultConfigurationIsVisible = 0;
			defaultConfigurationName = Debug;
		};
		A2FBEDFBF5995B48489510A5 /* Build configuration list for PBXProject "Keep" */ = {
			isa = XCConfigurationList;
			buildConfigurations = (
				2023A08AA43BFCDFFA4D88A5 /* Debug */,
				099B229269F19CF1B4E89FC8 /* Release */,
			);
			defaultConfigurationIsVisible = 0;
			defaultConfigurationName = Debug;
		};
/* End XCConfigurationList section */
	};
	rootObject = D83C58DB87596131E35C5C7D /* Project object */;
}
